
Microsoft Visual Studio Solution File, Format Version 12.00
# Visual Studio Version 16
VisualStudioVersion = 16.0.29609.76
MinimumVisualStudioVersion = 10.0.40219.1
Project("{FAE04EC0-301F-11D3-BF4B-00C04F79EFBC}") = "LuckyCoin", "LuckyCoin.csproj", "{979F7DB3-8540-4773-8E57-1BF9A0EB3AD9}"
EndProject
Global
	GlobalSection(SolutionConfigurationPlatforms) = preSolution
		Debug|Any CPU = Debug|Any CPU
		Release|Any CPU = Release|Any CPU
	EndGlobalSection
	GlobalSection(ProjectConfigurationPlatforms) = postSolution
		{979F7DB3-8540-4773-8E57-1BF9A0EB3AD9}.Debug|Any CPU.ActiveCfg = Debug|Any CPU
		{979F7DB3-8540-4773-8E57-1BF9A0EB3AD9}.Debug|Any CPU.Build.0 = Debug|Any CPU
		{979F7DB3-8540-4773-8E57-1BF9A0EB3AD9}.Release|Any CPU.ActiveCfg = Release|Any CPU
		{979F7DB3-8540-4773-8E57-1BF9A0EB3AD9}.Release|Any CPU.Build.0 = Release|Any CPU
	EndGlobalSection
	GlobalSection(SolutionProperties) = preSolution
		HideSolutionNode = FALSE
	EndGlobalSection
	GlobalSection(ExtensibilityGlobals) = postSolution
		SolutionGuid = {2619385B-6038-4BAB-9BC8-0AFF3FF853FB}
	EndGlobalSection
EndGlobal
